
Microsoft Visual Studio Solution File, Format Version 12.00
# Visual Studio Version 17
VisualStudioVersion = 17.2.32602.215
MinimumVisualStudioVersion = 10.0.40219.1
Project("{FAE04EC0-301F-11D3-BF4B-00C04F79EFBC}") = "CarRentalSystemeApp", "CarRentalSysteme\CarRentalSystemeApp.csproj", "{611A4D4E-E6A5-4121-9564-25D5A81E06B8}"
EndProject
Global
	GlobalSection(SolutionConfigurationPlatforms) = preSolution
		Debug|Any CPU = Debug|Any CPU
		Release|Any CPU = Release|Any CPU
	EndGlobalSection
	GlobalSection(ProjectConfigurationPlatforms) = postSolution
		{611A4D4E-E6A5-4121-9564-25D5A81E06B8}.Debug|Any CPU.ActiveCfg = Debug|Any CPU
		{611A4D4E-E6A5-4121-9564-25D5A81E06B8}.Debug|Any CPU.Build.0 = Debug|Any CPU
		{611A4D4E-E6A5-4121-9564-25D5A81E06B8}.Release|Any CPU.ActiveCfg = Release|Any CPU
		{611A4D4E-E6A5-4121-9564-25D5A81E06B8}.Release|Any CPU.Build.0 = Release|Any CPU
	EndGlobalSection
	GlobalSection(SolutionProperties) = preSolution
		HideSolutionNode = FALSE
	EndGlobalSection
	GlobalSection(ExtensibilityGlobals) = postSolution
		SolutionGuid = {D32BCB0E-0AF1-4D27-9B4B-6808272A16AB}
	EndGlobalSection
EndGlobal
